{'Package': 'python3-flufl.lock', 'Source': 'flufl.lock', 'Version': '3.2-1', 'Installed-Size': '78', 'Maintainer': 'Debian Python Modules Team <python-modules-team@lists.alioth.debian.org>', 'Architecture': 'all', 'Depends': ['python3-public', ['python3:any', '>=', '3.4~']], 'Suggests': ['python-flufl.lock-doc'], 'Description': 'NFS-safe file-based lock with timeouts (Python 3)', 'Homepage': 'http://flufllock.readthedocs.io/en/latest/', 'Description-md5': '487f538e4caedecbd35cd1d924d30da8', 'Section': 'python', 'Priority': 'optional', 'Filename': 'pool/main/f/flufl.lock/python3-flufl.lock_3.2-1_all.deb', 'Size': '20632', 'SHA256': '246225daf243a057dd36a25f76ee971579b2acbc7c98e93dbfb6916695954fcc'}